
Microsoft Visual Studio Solution File, Format Version 12.00
# Visual Studio Version 16
VisualStudioVersion = 16.0.29609.76
MinimumVisualStudioVersion = 10.0.40219.1
Project("{2150E333-8FDC-42A3-9474-1A3956D46DE8}") = "API", "API", "{9D56CC8F-E905-4FBE-8697-7598AD229BE8}"
EndProject
Project("{2150E333-8FDC-42A3-9474-1A3956D46DE8}") = "1-Services", "1-Services", "{03E559C5-7BCA-451B-A809-0C612CA0F269}"
EndProject
Project("{2150E333-8FDC-42A3-9474-1A3956D46DE8}") = "2-Domain", "2-Domain", "{32800E58-41F4-43E7-BAA2-6ED0FF313949}"
EndProject
Project("{2150E333-8FDC-42A3-9474-1A3956D46DE8}") = "3-Infra", "3-Infra", "{2734719B-A9B2-42E8-9FEB-CC27AE9C0F53}"
EndProject
Project("{FAE04EC0-301F-11D3-BF4B-00C04F79EFBC}") = "Hotel.Domain", "Hotel.Domain\Hotel.Domain.csproj", "{8801E85F-3B61-465E-B10A-E846E7E3A46F}"
EndProject
Project("{FAE04EC0-301F-11D3-BF4B-00C04F79EFBC}") = "Presentation", "Presentation\Presentation.csproj", "{9AC839B4-ED4F-4580-9F15-F12AAFAF9CEC}"
EndProject
Project("{FAE04EC0-301F-11D3-BF4B-00C04F79EFBC}") = "Hotel.Infra", "Hotel.Infra\Hotel.Infra.csproj", "{4014B78F-A098-4554-B433-1225DEEBD1C9}"
EndProject
Global
	GlobalSection(SolutionConfigurationPlatforms) = preSolution
		Debug|Any CPU = Debug|Any CPU
		Release|Any CPU = Release|Any CPU
	EndGlobalSection
	GlobalSection(ProjectConfigurationPlatforms) = postSolution
		{8801E85F-3B61-465E-B10A-E846E7E3A46F}.Debug|Any CPU.ActiveCfg = Debug|Any CPU
		{8801E85F-3B61-465E-B10A-E846E7E3A46F}.Debug|Any CPU.Build.0 = Debug|Any CPU
		{8801E85F-3B61-465E-B10A-E846E7E3A46F}.Release|Any CPU.ActiveCfg = Release|Any CPU
		{8801E85F-3B61-465E-B10A-E846E7E3A46F}.Release|Any CPU.Build.0 = Release|Any CPU
		{9AC839B4-ED4F-4580-9F15-F12AAFAF9CEC}.Debug|Any CPU.ActiveCfg = Debug|Any CPU
		{9AC839B4-ED4F-4580-9F15-F12AAFAF9CEC}.Debug|Any CPU.Build.0 = Debug|Any CPU
		{9AC839B4-ED4F-4580-9F15-F12AAFAF9CEC}.Release|Any CPU.ActiveCfg = Release|Any CPU
		{9AC839B4-ED4F-4580-9F15-F12AAFAF9CEC}.Release|Any CPU.Build.0 = Release|Any CPU
		{4014B78F-A098-4554-B433-1225DEEBD1C9}.Debug|Any CPU.ActiveCfg = Debug|Any CPU
		{4014B78F-A098-4554-B433-1225DEEBD1C9}.Debug|Any CPU.Build.0 = Debug|Any CPU
		{4014B78F-A098-4554-B433-1225DEEBD1C9}.Release|Any CPU.ActiveCfg = Release|Any CPU
		{4014B78F-A098-4554-B433-1225DEEBD1C9}.Release|Any CPU.Build.0 = Release|Any CPU
	EndGlobalSection
	GlobalSection(SolutionProperties) = preSolution
		HideSolutionNode = FALSE
	EndGlobalSection
	GlobalSection(NestedProjects) = preSolution
		{03E559C5-7BCA-451B-A809-0C612CA0F269} = {9D56CC8F-E905-4FBE-8697-7598AD229BE8}
		{32800E58-41F4-43E7-BAA2-6ED0FF313949} = {9D56CC8F-E905-4FBE-8697-7598AD229BE8}
		{2734719B-A9B2-42E8-9FEB-CC27AE9C0F53} = {9D56CC8F-E905-4FBE-8697-7598AD229BE8}
		{8801E85F-3B61-465E-B10A-E846E7E3A46F} = {32800E58-41F4-43E7-BAA2-6ED0FF313949}
		{9AC839B4-ED4F-4580-9F15-F12AAFAF9CEC} = {03E559C5-7BCA-451B-A809-0C612CA0F269}
		{4014B78F-A098-4554-B433-1225DEEBD1C9} = {2734719B-A9B2-42E8-9FEB-CC27AE9C0F53}
	EndGlobalSection
	GlobalSection(ExtensibilityGlobals) = postSolution
		SolutionGuid = {A46A677D-F5E5-4E20-A7AC-AC60ADAEA2AA}
	EndGlobalSection
EndGlobal
